
Microsoft Visual Studio Solution File, Format Version 12.00
# Visual Studio Version 16
VisualStudioVersion = 16.0.30907.101
MinimumVisualStudioVersion = 10.0.40219.1
Project("{FAE04EC0-301F-11D3-BF4B-00C04F79EFBC}") = "Gp.Console", "Gp.Console\Gp.Console.csproj", "{91EEA531-62E9-4DC1-88C0-BC429307BB17}"
EndProject
Project("{FAE04EC0-301F-11D3-BF4B-00C04F79EFBC}") = "Gp.Domain", "Gp.Domain\Gp.Domain.csproj", "{81A36360-5279-4628-8BE3-52EAABEA394A}"
EndProject
Global
	GlobalSection(SolutionConfigurationPlatforms) = preSolution
		Debug|Any CPU = Debug|Any CPU
		Release|Any CPU = Release|Any CPU
	EndGlobalSection
	GlobalSection(ProjectConfigurationPlatforms) = postSolution
		{91EEA531-62E9-4DC1-88C0-BC429307BB17}.Debug|Any CPU.ActiveCfg = Debug|Any CPU
		{91EEA531-62E9-4DC1-88C0-BC429307BB17}.Debug|Any CPU.Build.0 = Debug|Any CPU
		{91EEA531-62E9-4DC1-88C0-BC429307BB17}.Release|Any CPU.ActiveCfg = Release|Any CPU
		{91EEA531-62E9-4DC1-88C0-BC429307BB17}.Release|Any CPU.Build.0 = Release|Any CPU
		{81A36360-5279-4628-8BE3-52EAABEA394A}.Debug|Any CPU.ActiveCfg = Debug|Any CPU
		{81A36360-5279-4628-8BE3-52EAABEA394A}.Debug|Any CPU.Build.0 = Debug|Any CPU
		{81A36360-5279-4628-8BE3-52EAABEA394A}.Release|Any CPU.ActiveCfg = Release|Any CPU
		{81A36360-5279-4628-8BE3-52EAABEA394A}.Release|Any CPU.Build.0 = Release|Any CPU
	EndGlobalSection
	GlobalSection(SolutionProperties) = preSolution
		HideSolutionNode = FALSE
	EndGlobalSection
	GlobalSection(ExtensibilityGlobals) = postSolution
		SolutionGuid = {6CD0AB2F-DC7C-4DA8-AF5B-4964C76F28DB}
	EndGlobalSection
EndGlobal
